lockfileVersion: '9.0'

settings:
  autoInstallPeers: true
  excludeLinksFromLockfile: false

importers:

  .:
    dependencies:
      '@sciencediscovery/schema':
        specifier: workspace:*
        version: link:../../packages/schema
      cytoscape:
        specifier: ^3.34.0
        version: 3.34.0
      cytoscape-dagre:
        specifier: ^4.0.0
        version: 4.0.0(cytoscape@3.34.0)

  ../..: {}

  ../../../autoresearch: {}

  ../../../autoresearch/outputs/simplified_research_architecture: {}

  ../../packages/agent-runtime: {}

  ../../packages/mcp-sources: {}

  ../../packages/schema: {}

  ../../services/api: {}

  ../../services/runner: {}

packages:

  cytoscape-dagre@4.0.0:
    resolution: {integrity: sha512-wsDgi1hHpWfslQxe/Gd/xCCeg2YUDrzwulhHOSI7fMfll92FFVY2AWhSRulLiOVcyDE4zz0rRd/+1TBTw+ew5Q==}
    peerDependencies:
      cytoscape: ^3.2.22

  cytoscape@3.34.0:
    resolution: {integrity: sha512-62rNSrioXw93uliKFBwjukeQyeWwH2PqDrTac31r2P6464u3AUvTk0xS4LVvT251g7IgkFunrI48ZEZGjywSOg==}
    engines: {node: '>=0.10'}

snapshots:

  cytoscape-dagre@4.0.0(cytoscape@3.34.0):
    dependencies:
      cytoscape: 3.34.0

  cytoscape@3.34.0: {}
